// !$*UTF8*$!
{
	archiveVersion = 1;
	classes = {
	};
	objectVersion = 56;
	objects = {

/* Begin PBXBuildFile section */
		8C3D50842A16FD1800C51C45 /* 1806_부분합.swift in Sources */ = {isa = PBXBuildFile; fileRef = 8C3D50832A16FD1800C51C45 /* 1806_부분합.swift */; };
		8C3D50862A16FED800C51C45 /* 11399_ATM.swift in Sources */ = {isa = PBXBuildFile; fileRef = 8C3D50852A16FED800C51C45 /* 11399_ATM.swift */; };
		8C3D50882A1700FB00C51C45 /* 11726_2Xn타일링.swift in Sources */ = {isa = PBXBuildFile; fileRef = 8C3D50872A1700FB00C51C45 /* 11726_2Xn타일링.swift */; };
		8C3D508A2A1704D500C51C45 /* 1012_유기농배추.swift in Sources */ = {isa = PBXBuildFile; fileRef = 8C3D50892A1704D500C51C45 /* 1012_유기농배추.swift */; };
		8C4434F92A135309002645F3 /* main.swift in Sources */ = {isa = PBXBuildFile; fileRef = 8C4434F82A135309002645F3 /* main.swift */; };
		8C4435012A135FEE002645F3 /* 2839_설탕배달.swift in Sources */ = {isa = PBXBuildFile; fileRef = 8C4435002A135FEE002645F3 /* 2839_설탕배달.swift */; };
		8C8FC53A2A14516A00D97342 /* 1463_1로만들기.swift in Sources */ = {isa = PBXBuildFile; fileRef = 8C8FC5392A14516A00D97342 /* 1463_1로만들기.swift */; };
		8C8FC53E2A145A5C00D97342 /* 9095_123더하기.swift in Sources */ = {isa = PBXBuildFile; fileRef = 8C8FC53D2A145A5C00D97342 /* 9095_123더하기.swift */; };
		A536C49D2A18ED630017C689 /* 2559_수열.swift in Sources */ = {isa = PBXBuildFile; fileRef = A536C49C2A18ED630017C689 /* 2559_수열.swift */; };
		A536C49F2A18F1020017C689 /* 11724_연결요소의개수.swift in Sources */ = {isa = PBXBuildFile; fileRef = A536C49E2A18F1020017C689 /* 11724_연결요소의개수.swift */; };
		A536C4A22A18F16A0017C689 /* 2667_단지번호붙이기.swift in Sources */ = {isa = PBXBuildFile; fileRef = A536C4A12A18F16A0017C689 /* 2667_단지번호붙이기.swift */; };
		A53D40302A150CC400139DA6 /* 2003_수들의합2.swift in Sources */ = {isa = PBXBuildFile; fileRef = A53D402F2A150CC400139DA6 /* 2003_수들의합2.swift */; };
		A53D40332A1510C700139DA6 /* 2606_바이러스.swift in Sources */ = {isa = PBXBuildFile; fileRef = A53D40322A1510C700139DA6 /* 2606_바이러스.swift */; };
		A53E215C2A1A37530015088B /* 11047_동전0.swift in Sources */ = {isa = PBXBuildFile; fileRef = A53E215B2A1A37530015088B /* 11047_동전0.swift */; };
		A53E215E2A1A407B0015088B /* 7576_토마토.swift in Sources */ = {isa = PBXBuildFile; fileRef = A53E215D2A1A407B0015088B /* 7576_토마토.swift */; };
/* End PBXBuildFile section */

/* Begin PBXCopyFilesBuildPhase section */
		8C4434F32A135309002645F3 /* CopyFiles */ = {
			isa = PBXCopyFilesBuildPhase;
			buildActionMask = 2147483647;
			dstPath = /usr/share/man/man1/;
			dstSubfolderSpec = 0;
			files = (
			);
			runOnlyForDeploymentPostprocessing = 1;
		};
/* End PBXCopyFilesBuildPhase section */

/* Begin PBXFileReference section */
		8C3D50832A16FD1800C51C45 /* 1806_부분합.swift */ = {isa = PBXFileReference; lastKnownFileType = sourcecode.swift; path = "1806_부분합.swift"; sourceTree = "<group>"; };
		8C3D50852A16FED800C51C45 /* 11399_ATM.swift */ = {isa = PBXFileReference; lastKnownFileType = sourcecode.swift; path = 11399_ATM.swift; sourceTree = "<group>"; };
		8C3D50872A1700FB00C51C45 /* 11726_2Xn타일링.swift */ = {isa = PBXFileReference; lastKnownFileType = sourcecode.swift; path = "11726_2Xn타일링.swift"; sourceTree = "<group>"; };
		8C3D50892A1704D500C51C45 /* 1012_유기농배추.swift */ = {isa = PBXFileReference; lastKnownFileType = sourcecode.swift; path = "1012_유기농배추.swift"; sourceTree = "<group>"; };
		8C4434F52A135309002645F3 /* Swift_Algorithm */ = {isa = PBXFileReference; explicitFileType = "compiled.mach-o.executable"; includeInIndex = 0; path = Swift_Algorithm; sourceTree = BUILT_PRODUCTS_DIR; };
		8C4434F82A135309002645F3 /* main.swift */ = {isa = PBXFileReference; lastKnownFileType = sourcecode.swift; path = main.swift; sourceTree = "<group>"; };
		8C4435002A135FEE002645F3 /* 2839_설탕배달.swift */ = {isa = PBXFileReference; lastKnownFileType = sourcecode.swift; path = "2839_설탕배달.swift"; sourceTree = "<group>"; };
		8C8FC5392A14516A00D97342 /* 1463_1로만들기.swift */ = {isa = PBXFileReference; lastKnownFileType = sourcecode.swift; path = "1463_1로만들기.swift"; sourceTree = "<group>"; };
		8C8FC53D2A145A5C00D97342 /* 9095_123더하기.swift */ = {isa = PBXFileReference; lastKnownFileType = sourcecode.swift; path = "9095_123더하기.swift"; sourceTree = "<group>"; };
		A536C49C2A18ED630017C689 /* 2559_수열.swift */ = {isa = PBXFileReference; lastKnownFileType = sourcecode.swift; path = "2559_수열.swift"; sourceTree = "<group>"; };
		A536C49E2A18F1020017C689 /* 11724_연결요소의개수.swift */ = {isa = PBXFileReference; lastKnownFileType = sourcecode.swift; path = "11724_연결요소의개수.swift"; sourceTree = "<group>"; };
		A536C4A12A18F16A0017C689 /* 2667_단지번호붙이기.swift */ = {isa = PBXFileReference; lastKnownFileType = sourcecode.swift; path = "2667_단지번호붙이기.swift"; sourceTree = "<group>"; };
		A53D402F2A150CC400139DA6 /* 2003_수들의합2.swift */ = {isa = PBXFileReference; lastKnownFileType = sourcecode.swift; path = "2003_수들의합2.swift"; sourceTree = "<group>"; };
		A53D40322A1510C700139DA6 /* 2606_바이러스.swift */ = {isa = PBXFileReference; lastKnownFileType = sourcecode.swift; path = "2606_바이러스.swift"; sourceTree = "<group>"; };
		A53E215B2A1A37530015088B /* 11047_동전0.swift */ = {isa = PBXFileReference; lastKnownFileType = sourcecode.swift; path = "11047_동전0.swift"; sourceTree = "<group>"; };
		A53E215D2A1A407B0015088B /* 7576_토마토.swift */ = {isa = PBXFileReference; lastKnownFileType = sourcecode.swift; path = "7576_토마토.swift"; sourceTree = "<group>"; };
/* End PBXFileReference section */

/* Begin PBXFrameworksBuildPhase section */
		8C4434F22A135309002645F3 /* Frameworks */ = {
			isa = PBXFrameworksBuildPhase;
			buildActionMask = 2147483647;
			files = (
			);
			runOnlyForDeploymentPostprocessing = 0;
		};
/* End PBXFrameworksBuildPhase section */

/* Begin PBXGroup section */
		8C4434EC2A135308002645F3 = {
			isa = PBXGroup;
			children = (
				8C4434FF2A135FD2002645F3 /* Clear */,
				8C4434F72A135309002645F3 /* Swift_Algorithm */,
				8C4434F62A135309002645F3 /* Products */,
			);
			sourceTree = "<group>";
		};
		8C4434F62A135309002645F3 /* Products */ = {
			isa = PBXGroup;
			children = (
				8C4434F52A135309002645F3 /* Swift_Algorithm */,
			);
			name = Products;
			sourceTree = "<group>";
		};
		8C4434F72A135309002645F3 /* Swift_Algorithm */ = {
			isa = PBXGroup;
			children = (
				8C4434F82A135309002645F3 /* main.swift */,
			);
			path = Swift_Algorithm;
			sourceTree = "<group>";
		};
		8C4434FF2A135FD2002645F3 /* Clear */ = {
			isa = PBXGroup;
			children = (
				A536C4A02A18F15D0017C689 /* BFS */,
				A53D40312A1510BC00139DA6 /* DFS */,
				A53D402E2A150CAF00139DA6 /* Two Pointer */,
				8C8FC53C2A145A4B00D97342 /* Greedy */,
				8C8FC53B2A145A4500D97342 /* DP */,
			);
			path = Clear;
			sourceTree = "<group>";
		};
		8C8FC53B2A145A4500D97342 /* DP */ = {
			isa = PBXGroup;
			children = (
				8C8FC5392A14516A00D97342 /* 1463_1로만들기.swift */,
				8C8FC53D2A145A5C00D97342 /* 9095_123더하기.swift */,
				8C3D50872A1700FB00C51C45 /* 11726_2Xn타일링.swift */,
			);
			path = DP;
			sourceTree = "<group>";
		};
		8C8FC53C2A145A4B00D97342 /* Greedy */ = {
			isa = PBXGroup;
			children = (
				8C4435002A135FEE002645F3 /* 2839_설탕배달.swift */,
				8C3D50852A16FED800C51C45 /* 11399_ATM.swift */,
				A53E215B2A1A37530015088B /* 11047_동전0.swift */,
			);
			path = Greedy;
			sourceTree = "<group>";
		};
		A536C4A02A18F15D0017C689 /* BFS */ = {
			isa = PBXGroup;
			children = (
				A536C4A12A18F16A0017C689 /* 2667_단지번호붙이기.swift */,
				A53E215D2A1A407B0015088B /* 7576_토마토.swift */,
			);
			path = BFS;
			sourceTree = "<group>";
		};
		A53D402E2A150CAF00139DA6 /* Two Pointer */ = {
			isa = PBXGroup;
			children = (
				A53D402F2A150CC400139DA6 /* 2003_수들의합2.swift */,
				8C3D50832A16FD1800C51C45 /* 1806_부분합.swift */,
				A536C49C2A18ED630017C689 /* 2559_수열.swift */,
			);
			path = "Two Pointer";
			sourceTree = "<group>";
		};
		A53D40312A1510BC00139DA6 /* DFS */ = {
			isa = PBXGroup;
			children = (
				A53D40322A1510C700139DA6 /* 2606_바이러스.swift */,
				8C3D50892A1704D500C51C45 /* 1012_유기농배추.swift */,
				A536C49E2A18F1020017C689 /* 11724_연결요소의개수.swift */,
			);
			path = DFS;
			sourceTree = "<group>";
		};
/* End PBXGroup section */

/* Begin PBXNativeTarget section */
		8C4434F42A135309002645F3 /* Swift_Algorithm */ = {
			isa = PBXNativeTarget;
			buildConfigurationList = 8C4434FC2A135309002645F3 /* Build configuration list for PBXNativeTarget "Swift_Algorithm" */;
			buildPhases = (
				8C4434F12A135309002645F3 /* Sources */,
				8C4434F22A135309002645F3 /* Frameworks */,
				8C4434F32A135309002645F3 /* CopyFiles */,
			);
			buildRules = (
			);
			dependencies = (
			);
			name = Swift_Algorithm;
			productName = Swift_Algorithm;
			productReference = 8C4434F52A135309002645F3 /* Swift_Algorithm */;
			productType = "com.apple.product-type.tool";
		};
/* End PBXNativeTarget section */

/* Begin PBXProject section */
		8C4434ED2A135308002645F3 /* Project object */ = {
			isa = PBXProject;
			attributes = {
				BuildIndependentTargetsInParallel = 1;
				LastSwiftUpdateCheck = 1420;
				LastUpgradeCheck = 1420;
				TargetAttributes = {
					8C4434F42A135309002645F3 = {
						CreatedOnToolsVersion = 14.2;
					};
				};
			};
			buildConfigurationList = 8C4434F02A135308002645F3 /* Build configuration list for PBXProject "Swift_Algorithm" */;
			compatibilityVersion = "Xcode 14.0";
			developmentRegion = en;
			hasScannedForEncodings = 0;
			knownRegions = (
				en,
				Base,
			);
			mainGroup = 8C4434EC2A135308002645F3;
			productRefGroup = 8C4434F62A135309002645F3 /* Products */;
			projectDirPath = "";
			projectRoot = "";
			targets = (
				8C4434F42A135309002645F3 /* Swift_Algorithm */,
			);
		};
/* End PBXProject section */

/* Begin PBXSourcesBuildPhase section */
		8C4434F12A135309002645F3 /* Sources */ = {
			isa = PBXSourcesBuildPhase;
			buildActionMask = 2147483647;
			files = (
				8C8FC53A2A14516A00D97342 /* 1463_1로만들기.swift in Sources */,
				A53D40302A150CC400139DA6 /* 2003_수들의합2.swift in Sources */,
				A536C49D2A18ED630017C689 /* 2559_수열.swift in Sources */,
				A53E215E2A1A407B0015088B /* 7576_토마토.swift in Sources */,
				8C3D508A2A1704D500C51C45 /* 1012_유기농배추.swift in Sources */,
				8C3D50862A16FED800C51C45 /* 11399_ATM.swift in Sources */,
				8C4435012A135FEE002645F3 /* 2839_설탕배달.swift in Sources */,
				A536C4A22A18F16A0017C689 /* 2667_단지번호붙이기.swift in Sources */,
				A53D40332A1510C700139DA6 /* 2606_바이러스.swift in Sources */,
				8C3D50842A16FD1800C51C45 /* 1806_부분합.swift in Sources */,
				8C3D50882A1700FB00C51C45 /* 11726_2Xn타일링.swift in Sources */,
				A53E215C2A1A37530015088B /* 11047_동전0.swift in Sources */,
				8C4434F92A135309002645F3 /* main.swift in Sources */,
				A536C49F2A18F1020017C689 /* 11724_연결요소의개수.swift in Sources */,
				8C8FC53E2A145A5C00D97342 /* 9095_123더하기.swift in Sources */,
			);
			runOnlyForDeploymentPostprocessing = 0;
		};
/* End PBXSourcesBuildPhase section */

/* Begin XCBuildConfiguration section */
		8C4434FA2A135309002645F3 /* Debug */ = {
			isa = XCBuildConfiguration;
			buildSettings = {
				ALWAYS_SEARCH_USER_PATHS = NO;
				CLANG_ANALYZER_NONNULL = YES;
				CLANG_ANALYZER_NUMBER_OBJECT_CONVERSION = YES_AGGRESSIVE;
				CLANG_CXX_LANGUAGE_STANDARD = "gnu++20";
				CLANG_ENABLE_MODULES = YES;
				CLANG_ENABLE_OBJC_ARC = YES;
				CLANG_ENABLE_OBJC_WEAK = YES;
				CLANG_WARN_BLOCK_CAPTURE_AUTORELEASING = YES;
				CLANG_WARN_BOOL_CONVERSION = YES;
				CLANG_WARN_COMMA = YES;
				CLANG_WARN_CONSTANT_CONVERSION = YES;
				CLANG_WARN_DEPRECATED_OBJC_IMPLEMENTATIONS = YES;
				CLANG_WARN_DIRECT_OBJC_ISA_USAGE = YES_ERROR;
				CLANG_WARN_DOCUMENTATION_COMMENTS = YES;
				CLANG_WARN_EMPTY_BODY = YES;
				CLANG_WARN_ENUM_CONVERSION = YES;
				CLANG_WARN_INFINITE_RECURSION = YES;
				CLANG_WARN_INT_CONVERSION = YES;
				CLANG_WARN_NON_LITERAL_NULL_CONVERSION = YES;
				CLANG_WARN_OBJC_IMPLICIT_RETAIN_SELF = YES;
				CLANG_WARN_OBJC_LITERAL_CONVERSION = YES;
				CLANG_WARN_OBJC_ROOT_CLASS = YES_ERROR;
				CLANG_WARN_QUOTED_INCLUDE_IN_FRAMEWORK_HEADER = YES;
				CLANG_WARN_RANGE_LOOP_ANALYSIS = YES;
				CLANG_WARN_STRICT_PROTOTYPES = YES;
				CLANG_WARN_SUSPICIOUS_MOVE = YES;
				CLANG_WARN_UNGUARDED_AVAILABILITY = YES_AGGRESSIVE;
				CLANG_WARN_UNREACHABLE_CODE = YES;
				CLANG_WARN__DUPLICATE_METHOD_MATCH = YES;
				COPY_PHASE_STRIP = NO;
				DEBUG_INFORMATION_FORMAT = dwarf;
				ENABLE_STRICT_OBJC_MSGSEND = YES;
				ENABLE_TESTABILITY = YES;
				GCC_C_LANGUAGE_STANDARD = gnu11;
				GCC_DYNAMIC_NO_PIC = NO;
				GCC_NO_COMMON_BLOCKS = YES;
				GCC_OPTIMIZATION_LEVEL = 0;
				GCC_PREPROCESSOR_DEFINITIONS = (
					"DEBUG=1",
					"$(inherited)",
				);
				GCC_WARN_64_TO_32_BIT_CONVERSION = YES;
				GCC_WARN_ABOUT_RETURN_TYPE = YES_ERROR;
				GCC_WARN_UNDECLARED_SELECTOR = YES;
				GCC_WARN_UNINITIALIZED_AUTOS = YES_AGGRESSIVE;
				GCC_WARN_UNUSED_FUNCTION = YES;
				GCC_WARN_UNUSED_VARIABLE = YES;
				MACOSX_DEPLOYMENT_TARGET = 12.6;
				MTL_ENABLE_DEBUG_INFO = INCLUDE_SOURCE;
				MTL_FAST_MATH = YES;
				ONLY_ACTIVE_ARCH = YES;
				SDKROOT = macosx;
				SWIFT_ACTIVE_COMPILATION_CONDITIONS = DEBUG;
				SWIFT_OPTIMIZATION_LEVEL = "-Onone";
			};
			name = Debug;
		};
		8C4434FB2A135309002645F3 /* Release */ = {
			isa = XCBuildConfiguration;
			buildSettings = {
				ALWAYS_SEARCH_USER_PATHS = NO;
				CLANG_ANALYZER_NONNULL = YES;
				CLANG_ANALYZER_NUMBER_OBJECT_CONVERSION = YES_AGGRESSIVE;
				CLANG_CXX_LANGUAGE_STANDARD = "gnu++20";
				CLANG_ENABLE_MODULES = YES;
				CLANG_ENABLE_OBJC_ARC = YES;
				CLANG_ENABLE_OBJC_WEAK = YES;
				CLANG_WARN_BLOCK_CAPTURE_AUTORELEASING = YES;
				CLANG_WARN_BOOL_CONVERSION = YES;
				CLANG_WARN_COMMA = YES;
				CLANG_WARN_CONSTANT_CONVERSION = YES;
				CLANG_WARN_DEPRECATED_OBJC_IMPLEMENTATIONS = YES;
				CLANG_WARN_DIRECT_OBJC_ISA_USAGE = YES_ERROR;
				CLANG_WARN_DOCUMENTATION_COMMENTS = YES;
				CLANG_WARN_EMPTY_BODY = YES;
				CLANG_WARN_ENUM_CONVERSION = YES;
				CLANG_WARN_INFINITE_RECURSION = YES;
				CLANG_WARN_INT_CONVERSION = YES;
				CLANG_WARN_NON_LITERAL_NULL_CONVERSION = YES;
				CLANG_WARN_OBJC_IMPLICIT_RETAIN_SELF = YES;
				CLANG_WARN_OBJC_LITERAL_CONVERSION = YES;
				CLANG_WARN_OBJC_ROOT_CLASS = YES_ERROR;
				CLANG_WARN_QUOTED_INCLUDE_IN_FRAMEWORK_HEADER = YES;
				CLANG_WARN_RANGE_LOOP_ANALYSIS = YES;
				CLANG_WARN_STRICT_PROTOTYPES = YES;
				CLANG_WARN_SUSPICIOUS_MOVE = YES;
				CLANG_WARN_UNGUARDED_AVAILABILITY = YES_AGGRESSIVE;
				CLANG_WARN_UNREACHABLE_CODE = YES;
				CLANG_WARN__DUPLICATE_METHOD_MATCH = YES;
				COPY_PHASE_STRIP = NO;
				DEBUG_INFORMATION_FORMAT = "dwarf-with-dsym";
				ENABLE_NS_ASSERTIONS = NO;
				ENABLE_STRICT_OBJC_MSGSEND = YES;
				GCC_C_LANGUAGE_STANDARD = gnu11;
				GCC_NO_COMMON_BLOCKS = YES;
				GCC_WARN_64_TO_32_BIT_CONVERSION = YES;
				GCC_WARN_ABOUT_RETURN_TYPE = YES_ERROR;
				GCC_WARN_UNDECLARED_SELECTOR = YES;
				GCC_WARN_UNINITIALIZED_AUTOS = YES_AGGRESSIVE;
				GCC_WARN_UNUSED_FUNCTION = YES;
				GCC_WARN_UNUSED_VARIABLE = YES;
				MACOSX_DEPLOYMENT_TARGET = 12.6;
				MTL_ENABLE_DEBUG_INFO = NO;
				MTL_FAST_MATH = YES;
				SDKROOT = macosx;
				SWIFT_COMPILATION_MODE = wholemodule;
				SWIFT_OPTIMIZATION_LEVEL = "-O";
			};
			name = Release;
		};
		8C4434FD2A135309002645F3 /* Debug */ = {
			isa = XCBuildConfiguration;
			buildSettings = {
				CODE_SIGN_STYLE = Automatic;
				PRODUCT_NAME = "$(TARGET_NAME)";
				SWIFT_VERSION = 5.0;
			};
			name = Debug;
		};
		8C4434FE2A135309002645F3 /* Release */ = {
			isa = XCBuildConfiguration;
			buildSettings = {
				CODE_SIGN_STYLE = Automatic;
				PRODUCT_NAME = "$(TARGET_NAME)";
				SWIFT_VERSION = 5.0;
			};
			name = Release;
		};
/* End XCBuildConfiguration section */

/* Begin XCConfigurationList section */
		8C4434F02A135308002645F3 /* Build configuration list for PBXProject "Swift_Algorithm" */ = {
			isa = XCConfigurationList;
			buildConfigurations = (
				8C4434FA2A135309002645F3 /* Debug */,
				8C4434FB2A135309002645F3 /* Release */,
			);
			defaultConfigurationIsVisible = 0;
			defaultConfigurationName = Release;
		};
		8C4434FC2A135309002645F3 /* Build configuration list for PBXNativeTarget "Swift_Algorithm" */ = {
			isa = XCConfigurationList;
			buildConfigurations = (
				8C4434FD2A135309002645F3 /* Debug */,
				8C4434FE2A135309002645F3 /* Release */,
			);
			defaultConfigurationIsVisible = 0;
			defaultConfigurationName = Release;
		};
/* End XCConfigurationList section */
	};
	rootObject = 8C4434ED2A135308002645F3 /* Project object */;
}
